
Microsoft Visual Studio Solution File, Format Version 12.00
# Visual Studio Version 17
VisualStudioVersion = 17.5.33424.131
MinimumVisualStudioVersion = 10.0.40219.1
Project("{FAE04EC0-301F-11D3-BF4B-00C04F79EFBC}") = "Homework", "Homework\Homework.csproj", "{A86B5C0C-262A-419F-95BD-87A9344BB2E5}"
EndProject
Global
	GlobalSection(SolutionConfigurationPlatforms) = preSolution
		Debug|Any CPU = Debug|Any CPU
		Release|Any CPU = Release|Any CPU
	EndGlobalSection
	GlobalSection(ProjectConfigurationPlatforms) = postSolution
		{A86B5C0C-262A-419F-95BD-87A9344BB2E5}.Debug|Any CPU.ActiveCfg = Debug|Any CPU
		{A86B5C0C-262A-419F-95BD-87A9344BB2E5}.Debug|Any CPU.Build.0 = Debug|Any CPU
		{A86B5C0C-262A-419F-95BD-87A9344BB2E5}.Release|Any CPU.ActiveCfg = Release|Any CPU
		{A86B5C0C-262A-419F-95BD-87A9344BB2E5}.Release|Any CPU.Build.0 = Release|Any CPU
	EndGlobalSection
	GlobalSection(SolutionProperties) = preSolution
		HideSolutionNode = FALSE
	EndGlobalSection
	GlobalSection(ExtensibilityGlobals) = postSolution
		SolutionGuid = {C1ABFDA9-DB07-4150-86ED-720989A798E7}
	EndGlobalSection
EndGlobal
